
Microsoft Visual Studio Solution File, Format Version 12.00
# Visual Studio Version 17
VisualStudioVersion = 17.10.35027.167
MinimumVisualStudioVersion = 10.0.40219.1
Project("{FAE04EC0-301F-11D3-BF4B-00C04F79EFBC}") = "app", "app\app.csproj", "{6D7B5742-2D4E-4786-8336-F0FD57927AB3}"
EndProject
Project("{FAE04EC0-301F-11D3-BF4B-00C04F79EFBC}") = "Domain", "Domain\Domain.csproj", "{E64CA9EB-EF72-4224-ADC3-5F6D91D1CC04}"
EndProject
Project("{FAE04EC0-301F-11D3-BF4B-00C04F79EFBC}") = "Repository", "Repository\Repository.csproj", "{2CCB28F3-CDCA-48F1-B450-41E194B79308}"
EndProject
Project("{FAE04EC0-301F-11D3-BF4B-00C04F79EFBC}") = "Service", "Service\Service.csproj", "{5D639728-46F7-4FFA-858D-EBADDD92033F}"
EndProject
Global
	GlobalSection(SolutionConfigurationPlatforms) = preSolution
		Debug|Any CPU = Debug|Any CPU
		Release|Any CPU = Release|Any CPU
	EndGlobalSection
	GlobalSection(ProjectConfigurationPlatforms) = postSolution
		{6D7B5742-2D4E-4786-8336-F0FD57927AB3}.Debug|Any CPU.ActiveCfg = Debug|Any CPU
		{6D7B5742-2D4E-4786-8336-F0FD57927AB3}.Debug|Any CPU.Build.0 = Debug|Any CPU
		{6D7B5742-2D4E-4786-8336-F0FD57927AB3}.Release|Any CPU.ActiveCfg = Release|Any CPU
		{6D7B5742-2D4E-4786-8336-F0FD57927AB3}.Release|Any CPU.Build.0 = Release|Any CPU
		{E64CA9EB-EF72-4224-ADC3-5F6D91D1CC04}.Debug|Any CPU.ActiveCfg = Debug|Any CPU
		{E64CA9EB-EF72-4224-ADC3-5F6D91D1CC04}.Debug|Any CPU.Build.0 = Debug|Any CPU
		{E64CA9EB-EF72-4224-ADC3-5F6D91D1CC04}.Release|Any CPU.ActiveCfg = Release|Any CPU
		{E64CA9EB-EF72-4224-ADC3-5F6D91D1CC04}.Release|Any CPU.Build.0 = Release|Any CPU
		{2CCB28F3-CDCA-48F1-B450-41E194B79308}.Debug|Any CPU.ActiveCfg = Debug|Any CPU
		{2CCB28F3-CDCA-48F1-B450-41E194B79308}.Debug|Any CPU.Build.0 = Debug|Any CPU
		{2CCB28F3-CDCA-48F1-B450-41E194B79308}.Release|Any CPU.ActiveCfg = Release|Any CPU
		{2CCB28F3-CDCA-48F1-B450-41E194B79308}.Release|Any CPU.Build.0 = Release|Any CPU
		{5D639728-46F7-4FFA-858D-EBADDD92033F}.Debug|Any CPU.ActiveCfg = Debug|Any CPU
		{5D639728-46F7-4FFA-858D-EBADDD92033F}.Debug|Any CPU.Build.0 = Debug|Any CPU
		{5D639728-46F7-4FFA-858D-EBADDD92033F}.Release|Any CPU.ActiveCfg = Release|Any CPU
		{5D639728-46F7-4FFA-858D-EBADDD92033F}.Release|Any CPU.Build.0 = Release|Any CPU
	EndGlobalSection
	GlobalSection(SolutionProperties) = preSolution
		HideSolutionNode = FALSE
	EndGlobalSection
	GlobalSection(ExtensibilityGlobals) = postSolution
		SolutionGuid = {59155333-4062-47F1-8A8F-FE4B6A237138}
	EndGlobalSection
EndGlobal
